// !$*UTF8*$!
{
	archiveVersion = 1;
	classes = {
	};
	objectVersion = 46;
	objects = {

/* Begin PBXBuildFile section */
		425922641B10F67D0025D7FD /* MenuScene.swift in Sources */ = {isa = PBXBuildFile; fileRef = 425922631B10F67D0025D7FD /* MenuScene.swift */; };
		42D3C0171B0A445700872BDE /* AppDelegate.swift in Sources */ = {isa = PBXBuildFile; fileRef = 42D3C0161B0A445700872BDE /* AppDelegate.swift */; };
		42D3C01B1B0A445700872BDE /* GameScene.swift in Sources */ = {isa = PBXBuildFile; fileRef = 42D3C01A1B0A445700872BDE /* GameScene.swift */; };
		42D3C01D1B0A445700872BDE /* GameViewController.swift in Sources */ = {isa = PBXBuildFile; fileRef = 42D3C01C1B0A445700872BDE /* GameViewController.swift */; };
		42D3C0201B0A445700872BDE /* Main.storyboard in Resources */ = {isa = PBXBuildFile; fileRef = 42D3C01E1B0A445700872BDE /* Main.storyboard */; };
		42D3C0221B0A445700872BDE /* Images.xcassets in Resources */ = {isa = PBXBuildFile; fileRef = 42D3C0211B0A445700872BDE /* Images.xcassets */; };
		42D3C0251B0A445700872BDE /* LaunchScreen.xib in Resources */ = {isa = PBXBuildFile; fileRef = 42D3C0231B0A445700872BDE /* LaunchScreen.xib */; };
		42D3C0311B0A445700872BDE /* TestTests.swift in Sources */ = {isa = PBXBuildFile; fileRef = 42D3C0301B0A445700872BDE /* TestTests.swift */; };
/* End PBXBuildFile section */

/* Begin PBXContainerItemProxy section */
		42D3C02B1B0A445700872BDE /* PBXContainerItemProxy */ = {
			isa = PBXContainerItemProxy;
			containerPortal = 42D3C0091B0A445700872BDE /* Project object */;
			proxyType = 1;
			remoteGlobalIDString = 42D3C0101B0A445700872BDE;
			remoteInfo = Test;
		};
/* End PBXContainerItemProxy section */

/* Begin PBXFileReference section */
		425922631B10F67D0025D7FD /* MenuScene.swift */ = {isa = PBXFileReference; fileEncoding = 4; lastKnownFileType = sourcecode.swift; path = MenuScene.swift; sourceTree = "<group>"; };
		42D3C0111B0A445700872BDE /* Test.app */ = {isa = PBXFileReference; explicitFileType = wrapper.application; includeInIndex = 0; path = Test.app; sourceTree = BUILT_PRODUCTS_DIR; };
		42D3C0151B0A445700872BDE /* Info.plist */ = {isa = PBXFileReference; lastKnownFileType = text.plist.xml; path = Info.plist; sourceTree = "<group>"; };
		42D3C0161B0A445700872BDE /* AppDelegate.swift */ = {isa = PBXFileReference; lastKnownFileType = sourcecode.swift; path = AppDelegate.swift; sourceTree = "<group>"; };
		42D3C01A1B0A445700872BDE /* GameScene.swift */ = {isa = PBXFileReference; lastKnownFileType = sourcecode.swift; path = GameScene.swift; sourceTree = "<group>"; };
		42D3C01C1B0A445700872BDE /* GameViewController.swift */ = {isa = PBXFileReference; lastKnownFileType = sourcecode.swift; path = GameViewController.swift; sourceTree = "<group>"; };
		42D3C01F1B0A445700872BDE /* Base */ = {isa = PBXFileReference; lastKnownFileType = file.storyboard; name = Base; path = Base.lproj/Main.storyboard; sourceTree = "<group>"; };
		42D3C0211B0A445700872BDE /* Images.xcassets */ = {isa = PBXFileReference; lastKnownFileType = folder.assetcatalog; path = Images.xcassets; sourceTree = "<group>"; };
		42D3C0241B0A445700872BDE /* Base */ = {isa = PBXFileReference; lastKnownFileType = file.xib; name = Base; path = Base.lproj/LaunchScreen.xib; sourceTree = "<group>"; };
		42D3C02A1B0A445700872BDE /* TestTests.xctest */ = {isa = PBXFileReference; explicitFileType = wrapper.cfbundle; includeInIndex = 0; path = TestTests.xctest; sourceTree = BUILT_PRODUCTS_DIR; };
		42D3C02F1B0A445700872BDE /* Info.plist */ = {isa = PBXFileReference; lastKnownFileType = text.plist.xml; path = Info.plist; sourceTree = "<group>"; };
		42D3C0301B0A445700872BDE /* TestTests.swift */ = {isa = PBXFileReference; lastKnownFileType = sourcecode.swift; path = TestTests.swift; sourceTree = "<group>"; };
/* End PBXFileReference section */

/* Begin PBXFrameworksBuildPhase section */
		42D3C00E1B0A445700872BDE /* Frameworks */ = {
			isa = PBXFrameworksBuildPhase;
			buildActionMask = 2147483647;
			files = (
			);
			runOnlyForDeploymentPostprocessing = 0;
		};
		42D3C0271B0A445700872BDE /* Frameworks */ = {
			isa = PBXFrameworksBuildPhase;
			buildActionMask = 2147483647;
			files = (
			);
			runOnlyForDeploymentPostprocessing = 0;
		};
/* End PBXFrameworksBuildPhase section */

/* Begin PBXGroup section */
		42D3C0081B0A445700872BDE = {
			isa = PBXGroup;
			children = (
				42D3C0131B0A445700872BDE /* Test */,
				42D3C02D1B0A445700872BDE /* TestTests */,
				42D3C0121B0A445700872BDE /* Products */,
			);
			sourceTree = "<group>";
		};
		42D3C0121B0A445700872BDE /* Products */ = {
			isa = PBXGroup;
			children = (
				42D3C0111B0A445700872BDE /* Test.app */,
				42D3C02A1B0A445700872BDE /* TestTests.xctest */,
			);
			name = Products;
			sourceTree = "<group>";
		};
		42D3C0131B0A445700872BDE /* Test */ = {
			isa = PBXGroup;
			children = (
				42D3C0161B0A445700872BDE /* AppDelegate.swift */,
				425922631B10F67D0025D7FD /* MenuScene.swift */,
				42D3C01A1B0A445700872BDE /* GameScene.swift */,
				42D3C01C1B0A445700872BDE /* GameViewController.swift */,
				42D3C01E1B0A445700872BDE /* Main.storyboard */,
				42D3C0211B0A445700872BDE /* Images.xcassets */,
				42D3C0231B0A445700872BDE /* LaunchScreen.xib */,
				42D3C0141B0A445700872BDE /* Supporting Files */,
			);
			path = Test;
			sourceTree = "<group>";
		};
		42D3C0141B0A445700872BDE /* Supporting Files */ = {
			isa = PBXGroup;
			children = (
				42D3C0151B0A445700872BDE /* Info.plist */,
			);
			name = "Supporting Files";
			sourceTree = "<group>";
		};
		42D3C02D1B0A445700872BDE /* TestTests */ = {
			isa = PBXGroup;
			children = (
				42D3C0301B0A445700872BDE /* TestTests.swift */,
				42D3C02E1B0A445700872BDE /* Supporting Files */,
			);
			path = TestTests;
			sourceTree = "<group>";
		};
		42D3C02E1B0A445700872BDE /* Supporting Files */ = {
			isa = PBXGroup;
			children = (
				42D3C02F1B0A445700872BDE /* Info.plist */,
			);
			name = "Supporting Files";
			sourceTree = "<group>";
		};
/* End PBXGroup section */

/* Begin PBXNativeTarget section */
		42D3C0101B0A445700872BDE /* Test */ = {
			isa = PBXNativeTarget;
			buildConfigurationList = 42D3C0341B0A445700872BDE /* Build configuration list for PBXNativeTarget "Test" */;
			buildPhases = (
				42D3C00D1B0A445700872BDE /* Sources */,
				42D3C00E1B0A445700872BDE /* Frameworks */,
				42D3C00F1B0A445700872BDE /* Resources */,
			);
			buildRules = (
			);
			dependencies = (
			);
			name = Test;
			productName = Test;
			productReference = 42D3C0111B0A445700872BDE /* Test.app */;
			productType = "com.apple.product-type.application";
		};
		42D3C0291B0A445700872BDE /* TestTests */ = {
			isa = PBXNativeTarget;
			buildConfigurationList = 42D3C0371B0A445700872BDE /* Build configuration list for PBXNativeTarget "TestTests" */;
			buildPhases = (
				42D3C0261B0A445700872BDE /* Sources */,
				42D3C0271B0A445700872BDE /* Frameworks */,
				42D3C0281B0A445700872BDE /* Resources */,
			);
			buildRules = (
			);
			dependencies = (
				42D3C02C1B0A445700872BDE /* PBXTargetDependency */,
			);
			name = TestTests;
			productName = TestTests;
			productReference = 42D3C02A1B0A445700872BDE /* TestTests.xctest */;
			productType = "com.apple.product-type.bundle.unit-test";
		};
/* End PBXNativeTarget section */

/* Begin PBXProject section */
		42D3C0091B0A445700872BDE /* Project object */ = {
			isa = PBXProject;
			attributes = {
				LastUpgradeCheck = 0630;
				ORGANIZATIONNAME = "Saul Moreno Abril";
				TargetAttributes = {
					42D3C0101B0A445700872BDE = {
						CreatedOnToolsVersion = 6.3.1;
					};
					42D3C0291B0A445700872BDE = {
						CreatedOnToolsVersion = 6.3.1;
						TestTargetID = 42D3C0101B0A445700872BDE;
					};
				};
			};
			buildConfigurationList = 42D3C00C1B0A445700872BDE /* Build configuration list for PBXProject "Test" */;
			compatibilityVersion = "Xcode 3.2";
			developmentRegion = English;
			hasScannedForEncodings = 0;
			knownRegions = (
				en,
				Base,
			);
			mainGroup = 42D3C0081B0A445700872BDE;
			productRefGroup = 42D3C0121B0A445700872BDE /* Products */;
			projectDirPath = "";
			projectRoot = "";
			targets = (
				42D3C0101B0A445700872BDE /* Test */,
				42D3C0291B0A445700872BDE /* TestTests */,
			);
		};
/* End PBXProject section */

/* Begin PBXResourcesBuildPhase section */
		42D3C00F1B0A445700872BDE /* Resources */ = {
			isa = PBXResourcesBuildPhase;
			buildActionMask = 2147483647;
			files = (
				42D3C0251B0A445700872BDE /* LaunchScreen.xib in Resources */,
				42D3C0221B0A445700872BDE /* Images.xcassets in Resources */,
				42D3C0201B0A445700872BDE /* Main.storyboard in Resources */,
			);
			runOnlyForDeploymentPostprocessing = 0;
		};
		42D3C0281B0A445700872BDE /* Resources */ = {
			isa = PBXResourcesBuildPhase;
			buildActionMask = 2147483647;
			files = (
			);
			runOnlyForDeploymentPostprocessing = 0;
		};
/* End PBXResourcesBuildPhase section */

/* Begin PBXSourcesBuildPhase section */
		42D3C00D1B0A445700872BDE /* Sources */ = {
			isa = PBXSourcesBuildPhase;
			buildActionMask = 2147483647;
			files = (
				42D3C01B1B0A445700872BDE /* GameScene.swift in Sources */,
				425922641B10F67D0025D7FD /* MenuScene.swift in Sources */,
				42D3C01D1B0A445700872BDE /* GameViewController.swift in Sources */,
				42D3C0171B0A445700872BDE /* AppDelegate.swift in Sources */,
			);
			runOnlyForDeploymentPostprocessing = 0;
		};
		42D3C0261B0A445700872BDE /* Sources */ = {
			isa = PBXSourcesBuildPhase;
			buildActionMask = 2147483647;
			files = (
				42D3C0311B0A445700872BDE /* TestTests.swift in Sources */,
			);
			runOnlyForDeploymentPostprocessing = 0;
		};
/* End PBXSourcesBuildPhase section */

/* Begin PBXTargetDependency section */
		42D3C02C1B0A445700872BDE /* PBXTargetDependency */ = {
			isa = PBXTargetDependency;
			target = 42D3C0101B0A445700872BDE /* Test */;
			targetProxy = 42D3C02B1B0A445700872BDE /* PBXContainerItemProxy */;
		};
/* End PBXTargetDependency section */

/* Begin PBXVariantGroup section */
		42D3C01E1B0A445700872BDE /* Main.storyboard */ = {
			isa = PBXVariantGroup;
			children = (
				42D3C01F1B0A445700872BDE /* Base */,
			);
			name = Main.storyboard;
			sourceTree = "<group>";
		};
		42D3C0231B0A445700872BDE /* LaunchScreen.xib */ = {
			isa = PBXVariantGroup;
			children = (
				42D3C0241B0A445700872BDE /* Base */,
			);
			name = LaunchScreen.xib;
			sourceTree = "<group>";
		};
/* End PBXVariantGroup section */

/* Begin XCBuildConfiguration section */
		42D3C0321B0A445700872BDE /* Debug */ = {
			isa = XCBuildConfiguration;
			buildSettings = {
				ALWAYS_SEARCH_USER_PATHS = NO;
				CLANG_CXX_LANGUAGE_STANDARD = "gnu++0x";
				CLANG_CXX_LIBRARY = "libc++";
				CLANG_ENABLE_MODULES = YES;
				CLANG_ENABLE_OBJC_ARC = YES;
				CLANG_WARN_BOOL_CONVERSION = YES;
				CLANG_WARN_CONSTANT_CONVERSION = YES;
				CLANG_WARN_DIRECT_OBJC_ISA_USAGE = YES_ERROR;
				CLANG_WARN_EMPTY_BODY = YES;
				CLANG_WARN_ENUM_CONVERSION = YES;
				CLANG_WARN_INT_CONVERSION = YES;
				CLANG_WARN_OBJC_ROOT_CLASS = YES_ERROR;
				CLANG_WARN_UNREACHABLE_CODE = YES;
				CLANG_WARN__DUPLICATE_METHOD_MATCH = YES;
				"CODE_SIGN_IDENTITY[sdk=iphoneos*]" = "iPhone Developer";
				COPY_PHASE_STRIP = NO;
				DEBUG_INFORMATION_FORMAT = "dwarf-with-dsym";
				ENABLE_STRICT_OBJC_MSGSEND = YES;
				GCC_C_LANGUAGE_STANDARD = gnu99;
				GCC_DYNAMIC_NO_PIC = NO;
				GCC_NO_COMMON_BLOCKS = YES;
				GCC_OPTIMIZATION_LEVEL = 0;
				GCC_PREPROCESSOR_DEFINITIONS = (
					"DEBUG=1",
					"$(inherited)",
				);
				GCC_SYMBOLS_PRIVATE_EXTERN = NO;
				GCC_WARN_64_TO_32_BIT_CONVERSION = YES;
				GCC_WARN_ABOUT_RETURN_TYPE = YES_ERROR;
				GCC_WARN_UNDECLARED_SELECTOR = YES;
				GCC_WARN_UNINITIALIZED_AUTOS = YES_AGGRESSIVE;
				GCC_WARN_UNUSED_FUNCTION = YES;
				GCC_WARN_UNUSED_VARIABLE = YES;
				IPHONEOS_DEPLOYMENT_TARGET = 8.3;
				MTL_ENABLE_DEBUG_INFO = YES;
				ONLY_ACTIVE_ARCH = YES;
				SDKROOT = iphoneos;
				SWIFT_OPTIMIZATION_LEVEL = "-Onone";
				TARGETED_DEVICE_FAMILY = "1,2";
			};
			name = Debug;
		};
		42D3C0331B0A445700872BDE /* Release */ = {
			isa = XCBuildConfiguration;
			buildSettings = {
				ALWAYS_SEARCH_USER_PATHS = NO;
				CLANG_CXX_LANGUAGE_STANDARD = "gnu++0x";
				CLANG_CXX_LIBRARY = "libc++";
				CLANG_ENABLE_MODULES = YES;
				CLANG_ENABLE_OBJC_ARC = YES;
				CLANG_WARN_BOOL_CONVERSION = YES;
				CLANG_WARN_CONSTANT_CONVERSION = YES;
				CLANG_WARN_DIRECT_OBJC_ISA_USAGE = YES_ERROR;
				CLANG_WARN_EMPTY_BODY = YES;
				CLANG_WARN_ENUM_CONVERSION = YES;
				CLANG_WARN_INT_CONVERSION = YES;
				CLANG_WARN_OBJC_ROOT_CLASS = YES_ERROR;
				CLANG_WARN_UNREACHABLE_CODE = YES;
				CLANG_WARN__DUPLICATE_METHOD_MATCH = YES;
				"CODE_SIGN_IDENTITY[sdk=iphoneos*]" = "iPhone Developer";
				COPY_PHASE_STRIP = NO;
				DEBUG_INFORMATION_FORMAT = "dwarf-with-dsym";
				ENABLE_NS_ASSERTIONS = NO;
				ENABLE_STRICT_OBJC_MSGSEND = YES;
				GCC_C_LANGUAGE_STANDARD = gnu99;
				GCC_NO_COMMON_BLOCKS = YES;
				GCC_WARN_64_TO_32_BIT_CONVERSION = YES;
				GCC_WARN_ABOUT_RETURN_TYPE = YES_ERROR;
				GCC_WARN_UNDECLARED_SELECTOR = YES;
				GCC_WARN_UNINITIALIZED_AUTOS = YES_AGGRESSIVE;
				GCC_WARN_UNUSED_FUNCTION = YES;
				GCC_WARN_UNUSED_VARIABLE = YES;
				IPHONEOS_DEPLOYMENT_TARGET = 8.3;
				MTL_ENABLE_DEBUG_INFO = NO;
				SDKROOT = iphoneos;
				TARGETED_DEVICE_FAMILY = "1,2";
				VALIDATE_PRODUCT = YES;
			};
			name = Release;
		};
		42D3C0351B0A445700872BDE /* Debug */ = {
			isa = XCBuildConfiguration;
			buildSettings = {
				ASSETCATALOG_COMPILER_APPICON_NAME = AppIcon;
				INFOPLIST_FILE = Test/Info.plist;
				LD_RUNPATH_SEARCH_PATHS = "$(inherited) @executable_path/Frameworks";
				PRODUCT_NAME = "$(TARGET_NAME)";
			};
			name = Debug;
		};
		42D3C0361B0A445700872BDE /* Release */ = {
			isa = XCBuildConfiguration;
			buildSettings = {
				ASSETCATALOG_COMPILER_APPICON_NAME = AppIcon;
				INFOPLIST_FILE = Test/Info.plist;
				LD_RUNPATH_SEARCH_PATHS = "$(inherited) @executable_path/Frameworks";
				PRODUCT_NAME = "$(TARGET_NAME)";
			};
			name = Release;
		};
		42D3C0381B0A445700872BDE /* Debug */ = {
			isa = XCBuildConfiguration;
			buildSettings = {
				BUNDLE_LOADER = "$(TEST_HOST)";
				FRAMEWORK_SEARCH_PATHS = (
					"$(SDKROOT)/Developer/Library/Frameworks",
					"$(inherited)",
				);
				GCC_PREPROCESSOR_DEFINITIONS = (
					"DEBUG=1",
					"$(inherited)",
				);
				INFOPLIST_FILE = TestTests/Info.plist;
				LD_RUNPATH_SEARCH_PATHS = "$(inherited) @executable_path/Frameworks @loader_path/Frameworks";
				PRODUCT_NAME = "$(TARGET_NAME)";
				TEST_HOST = "$(BUILT_PRODUCTS_DIR)/Test.app/Test";
			};
			name = Debug;
		};
		42D3C0391B0A445700872BDE /* Release */ = {
			isa = XCBuildConfiguration;
			buildSettings = {
				BUNDLE_LOADER = "$(TEST_HOST)";
				FRAMEWORK_SEARCH_PATHS = (
					"$(SDKROOT)/Developer/Library/Frameworks",
					"$(inherited)",
				);
				INFOPLIST_FILE = TestTests/Info.plist;
				LD_RUNPATH_SEARCH_PATHS = "$(inherited) @executable_path/Frameworks @loader_path/Frameworks";
				PRODUCT_NAME = "$(TARGET_NAME)";
				TEST_HOST = "$(BUILT_PRODUCTS_DIR)/Test.app/Test";
			};
			name = Release;
		};
/* End XCBuildConfiguration section */

/* Begin XCConfigurationList section */
		42D3C00C1B0A445700872BDE /* Build configuration list for PBXProject "Test" */ = {
			isa = XCConfigurationList;
			buildConfigurations = (
				42D3C0321B0A445700872BDE /* Debug */,
				42D3C0331B0A445700872BDE /* Release */,
			);
			defaultConfigurationIsVisible = 0;
			defaultConfigurationName = Release;
		};
		42D3C0341B0A445700872BDE /* Build configuration list for PBXNativeTarget "Test" */ = {
			isa = XCConfigurationList;
			buildConfigurations = (
				42D3C0351B0A445700872BDE /* Debug */,
				42D3C0361B0A445700872BDE /* Release */,
			);
			defaultConfigurationIsVisible = 0;
			defaultConfigurationName = Release;
		};
		42D3C0371B0A445700872BDE /* Build configuration list for PBXNativeTarget "TestTests" */ = {
			isa = XCConfigurationList;
			buildConfigurations = (
				42D3C0381B0A445700872BDE /* Debug */,
				42D3C0391B0A445700872BDE /* Release */,
			);
			defaultConfigurationIsVisible = 0;
			defaultConfigurationName = Release;
		};
/* End XCConfigurationList section */
	};
	rootObject = 42D3C0091B0A445700872BDE /* Project object */;
}
